
Microsoft Visual Studio Solution File, Format Version 12.00
# Visual Studio Version 16
VisualStudioVersion = 16.0.31321.278
MinimumVisualStudioVersion = 10.0.40219.1
Project("{8BC9CEB8-8B4A-11D0-8D11-00A0C91BC942}") = "LibraryGate", "LibraryGate.vcxproj", "{81DC4BB8-7985-3ECB-9658-3D2A613AC844}"
EndProject
Global
	GlobalSection(SolutionConfigurationPlatforms) = preSolution
		Debug|x64 = Debug|x64
		Release|x64 = Release|x64
	EndGlobalSection
	GlobalSection(ProjectConfigurationPlatforms) = postSolution
		{81DC4BB8-7985-3ECB-9658-3D2A613AC844}.Debug|x64.ActiveCfg = Debug|x64
		{81DC4BB8-7985-3ECB-9658-3D2A613AC844}.Debug|x64.Build.0 = Debug|x64
		{81DC4BB8-7985-3ECB-9658-3D2A613AC844}.Release|x64.ActiveCfg = Release|x64
		{81DC4BB8-7985-3ECB-9658-3D2A613AC844}.Release|x64.Build.0 = Release|x64
	EndGlobalSection
	GlobalSection(SolutionProperties) = preSolution
		HideSolutionNode = FALSE
	EndGlobalSection
	GlobalSection(ExtensibilityGlobals) = postSolution
		SolutionGuid = {6C8DB1CC-1697-4E6F-B6C9-25649636D2E2}
	EndGlobalSection
EndGlobal
